
Microsoft Visual Studio Solution File, Format Version 12.00
# Visual Studio Version 16
VisualStudioVersion = 16.0.31515.178
MinimumVisualStudioVersion = 10.0.40219.1
Project("{FAE04EC0-301F-11D3-BF4B-00C04F79EFBC}") = "VulnerableApp4Kubernetes", "VulnerableApp4Kubernetes.csproj", "{281BCEE8-2727-41D3-9BDE-7D21E0CBEBAC}"
EndProject
Global
	GlobalSection(SolutionConfigurationPlatforms) = preSolution
		Debug|Any CPU = Debug|Any CPU
		Release|Any CPU = Release|Any CPU
	EndGlobalSection
	GlobalSection(ProjectConfigurationPlatforms) = postSolution
		{281BCEE8-2727-41D3-9BDE-7D21E0CBEBAC}.Debug|Any CPU.ActiveCfg = Debug|Any CPU
		{281BCEE8-2727-41D3-9BDE-7D21E0CBEBAC}.Debug|Any CPU.Build.0 = Debug|Any CPU
		{281BCEE8-2727-41D3-9BDE-7D21E0CBEBAC}.Release|Any CPU.ActiveCfg = Release|Any CPU
		{281BCEE8-2727-41D3-9BDE-7D21E0CBEBAC}.Release|Any CPU.Build.0 = Release|Any CPU
	EndGlobalSection
	GlobalSection(SolutionProperties) = preSolution
		HideSolutionNode = FALSE
	EndGlobalSection
	GlobalSection(ExtensibilityGlobals) = postSolution
		SolutionGuid = {A758A5B5-14A3-493E-BA71-7E98CBD117D3}
	EndGlobalSection
EndGlobal
